
Microsoft Visual Studio Solution File, Format Version 12.00
# Visual Studio 15
VisualStudioVersion = 15.0.28307.329
MinimumVisualStudioVersion = 10.0.40219.1
Project("{FAE04EC0-301F-11D3-BF4B-00C04F79EFBC}") = "MusicLibrary", "MusicLibrary\MusicLibrary.csproj", "{EB821D8D-D1E4-4310-BD20-F980D89A8FDA}"
EndProject
Global
	GlobalSection(SolutionConfigurationPlatforms) = preSolution
		Debug|Any CPU = Debug|Any CPU
		Release|Any CPU = Release|Any CPU
	EndGlobalSection
	GlobalSection(ProjectConfigurationPlatforms) = postSolution
		{EB821D8D-D1E4-4310-BD20-F980D89A8FDA}.Debug|Any CPU.ActiveCfg = Debug|Any CPU
		{EB821D8D-D1E4-4310-BD20-F980D89A8FDA}.Debug|Any CPU.Build.0 = Debug|Any CPU
		{EB821D8D-D1E4-4310-BD20-F980D89A8FDA}.Release|Any CPU.ActiveCfg = Release|Any CPU
		{EB821D8D-D1E4-4310-BD20-F980D89A8FDA}.Release|Any CPU.Build.0 = Release|Any CPU
	EndGlobalSection
	GlobalSection(SolutionProperties) = preSolution
		HideSolutionNode = FALSE
	EndGlobalSection
	GlobalSection(ExtensibilityGlobals) = postSolution
		SolutionGuid = {F7237D6F-1F6E-4047-9F1E-FDE455BB9D65}
	EndGlobalSection
EndGlobal
